// !$*UTF8*$!
{
	archiveVersion = 1;
	classes = {
	};
	objectVersion = 51;
	objects = {

/* Begin PBXBuildFile section */
		8D0BAC48249F80E600759AE9 /* DetailHeader.swift in Sources */ = {isa = PBXBuildFile; fileRef = 8D0BAC47249F80E600759AE9 /* DetailHeader.swift */; };
		8D0BAC4A249FB89200759AE9 /* Storyboard.storyboard in Resources */ = {isa = PBXBuildFile; fileRef = 8D0BAC49249FB89200759AE9 /* Storyboard.storyboard */; };
		8D243EF2248C87E4007856F4 /* HomeAssembly.swift in Sources */ = {isa = PBXBuildFile; fileRef = 8D243EF1248C87E4007856F4 /* HomeAssembly.swift */; };
		8D243EF4248C8A0C007856F4 /* DI.swift in Sources */ = {isa = PBXBuildFile; fileRef = 8D243EF3248C8A0C007856F4 /* DI.swift */; };
		8D243EFB248C9C60007856F4 /* GameViewCell.swift in Sources */ = {isa = PBXBuildFile; fileRef = 8D243EFA248C9C60007856F4 /* GameViewCell.swift */; };
		8D7EBB23248C4AD8006D0C9C /* HomeViewModel.swift in Sources */ = {isa = PBXBuildFile; fileRef = 8D7EBB22248C4AD8006D0C9C /* HomeViewModel.swift */; };
		8D920880249EBBEA00D9005E /* DetailViewModel.swift in Sources */ = {isa = PBXBuildFile; fileRef = 8D92087F249EBBEA00D9005E /* DetailViewModel.swift */; };
		8D920882249EBC2C00D9005E /* DetailAssembly.swift in Sources */ = {isa = PBXBuildFile; fileRef = 8D920881249EBC2C00D9005E /* DetailAssembly.swift */; };
		8D92088D249EC3DE00D9005E /* HomeRouter.swift in Sources */ = {isa = PBXBuildFile; fileRef = 8D92088C249EC3DE00D9005E /* HomeRouter.swift */; };
		8DA3CF462496502A008AEA26 /* GameDBHelper.swift in Sources */ = {isa = PBXBuildFile; fileRef = 8DA3CF452496502A008AEA26 /* GameDBHelper.swift */; };
		8DA3CF49249654D0008AEA26 /* PaddingLabel.swift in Sources */ = {isa = PBXBuildFile; fileRef = 8DA3CF48249654D0008AEA26 /* PaddingLabel.swift */; };
		8DA3CF4B24965A18008AEA26 /* GameDBExtension.swift in Sources */ = {isa = PBXBuildFile; fileRef = 8DA3CF4A24965A18008AEA26 /* GameDBExtension.swift */; };
		8DDE24B92486ABA500F77AAF /* AppDelegate.swift in Sources */ = {isa = PBXBuildFile; fileRef = 8DDE24B82486ABA500F77AAF /* AppDelegate.swift */; };
		8DDE24BB2486ABA500F77AAF /* SceneDelegate.swift in Sources */ = {isa = PBXBuildFile; fileRef = 8DDE24BA2486ABA500F77AAF /* SceneDelegate.swift */; };
		8DDE24BD2486ABA500F77AAF /* HomeController.swift in Sources */ = {isa = PBXBuildFile; fileRef = 8DDE24BC2486ABA500F77AAF /* HomeController.swift */; };
		8DDE24C22486ABA600F77AAF /* Assets.xcassets in Resources */ = {isa = PBXBuildFile; fileRef = 8DDE24C12486ABA600F77AAF /* Assets.xcassets */; };
		8DDE24C52486ABA600F77AAF /* LaunchScreen.storyboard in Resources */ = {isa = PBXBuildFile; fileRef = 8DDE24C32486ABA600F77AAF /* LaunchScreen.storyboard */; };
		8DDE24D02486ABA600F77AAF /* GameDBTests.swift in Sources */ = {isa = PBXBuildFile; fileRef = 8DDE24CF2486ABA600F77AAF /* GameDBTests.swift */; };
		8DDE24DB2486ABA600F77AAF /* GameDBUITests.swift in Sources */ = {isa = PBXBuildFile; fileRef = 8DDE24DA2486ABA600F77AAF /* GameDBUITests.swift */; };
		8DE54F4D249EA22A008EF31A /* DetailViewController.swift in Sources */ = {isa = PBXBuildFile; fileRef = 8DE54F4C249EA22A008EF31A /* DetailViewController.swift */; };
		AE17E58ECFEC47BAA5152BC6 /* Pods_GameDB_GameDBUITests.framework in Frameworks */ = {isa = PBXBuildFile; fileRef = CC90909B0502FB8C177C537E /* Pods_GameDB_GameDBUITests.framework */; };
		DCE1EC7B1FEE4122B239B601 /* Pods_GameDBTests.framework in Frameworks */ = {isa = PBXBuildFile; fileRef = 3779250BB6A66DB3A806A30C /* Pods_GameDBTests.framework */; };
		DE9E4D11E92D8BCF49013472 /* Pods_GameDB.framework in Frameworks */ = {isa = PBXBuildFile; fileRef = 6021E92FC21688D2B7FC76A1 /* Pods_GameDB.framework */; };
/* End PBXBuildFile section */

/* Begin PBXContainerItemProxy section */
		8DDE24CC2486ABA600F77AAF /* PBXContainerItemProxy */ = {
			isa = PBXContainerItemProxy;
			containerPortal = 8DDE24AD2486ABA500F77AAF /* Project object */;
			proxyType = 1;
			remoteGlobalIDString = 8DDE24B42486ABA500F77AAF;
			remoteInfo = GameDB;
		};
		8DDE24D72486ABA600F77AAF /* PBXContainerItemProxy */ = {
			isa = PBXContainerItemProxy;
			containerPortal = 8DDE24AD2486ABA500F77AAF /* Project object */;
			proxyType = 1;
			remoteGlobalIDString = 8DDE24B42486ABA500F77AAF;
			remoteInfo = GameDB;
		};
/* End PBXContainerItemProxy section */

/* Begin PBXFileReference section */
		297A9AF118EC351ACD1FE84C /* Pods-GameDBTests.debug.xcconfig */ = {isa = PBXFileReference; includeInIndex = 1; lastKnownFileType = text.xcconfig; name = "Pods-GameDBTests.debug.xcconfig"; path = "Target Support Files/Pods-GameDBTests/Pods-GameDBTests.debug.xcconfig"; sourceTree = "<group>"; };
		3779250BB6A66DB3A806A30C /* Pods_GameDBTests.framework */ = {isa = PBXFileReference; explicitFileType = wrapper.framework; includeInIndex = 0; path = Pods_GameDBTests.framework; sourceTree = BUILT_PRODUCTS_DIR; };
		5A982AD928FCFAD239F885FB /* Pods-GameDB.debug.xcconfig */ = {isa = PBXFileReference; includeInIndex = 1; lastKnownFileType = text.xcconfig; name = "Pods-GameDB.debug.xcconfig"; path = "Target Support Files/Pods-GameDB/Pods-GameDB.debug.xcconfig"; sourceTree = "<group>"; };
		6021E92FC21688D2B7FC76A1 /* Pods_GameDB.framework */ = {isa = PBXFileReference; explicitFileType = wrapper.framework; includeInIndex = 0; path = Pods_GameDB.framework; sourceTree = BUILT_PRODUCTS_DIR; };
		81C0C678BE31A98F71C236C6 /* Pods-GameDBTests.release.xcconfig */ = {isa = PBXFileReference; includeInIndex = 1; lastKnownFileType = text.xcconfig; name = "Pods-GameDBTests.release.xcconfig"; path = "Target Support Files/Pods-GameDBTests/Pods-GameDBTests.release.xcconfig"; sourceTree = "<group>"; };
		8D0BAC47249F80E600759AE9 /* DetailHeader.swift */ = {isa = PBXFileReference; lastKnownFileType = sourcecode.swift; path = DetailHeader.swift; sourceTree = "<group>"; };
		8D0BAC49249FB89200759AE9 /* Storyboard.storyboard */ = {isa = PBXFileReference; lastKnownFileType = file.storyboard; path = Storyboard.storyboard; sourceTree = "<group>"; };
		8D243EF1248C87E4007856F4 /* HomeAssembly.swift */ = {isa = PBXFileReference; lastKnownFileType = sourcecode.swift; path = HomeAssembly.swift; sourceTree = "<group>"; };
		8D243EF3248C8A0C007856F4 /* DI.swift */ = {isa = PBXFileReference; lastKnownFileType = sourcecode.swift; path = DI.swift; sourceTree = "<group>"; };
		8D243EFA248C9C60007856F4 /* GameViewCell.swift */ = {isa = PBXFileReference; lastKnownFileType = sourcecode.swift; path = GameViewCell.swift; sourceTree = "<group>"; };
		8D7EBB22248C4AD8006D0C9C /* HomeViewModel.swift */ = {isa = PBXFileReference; lastKnownFileType = sourcecode.swift; path = HomeViewModel.swift; sourceTree = "<group>"; };
		8D92087F249EBBEA00D9005E /* DetailViewModel.swift */ = {isa = PBXFileReference; lastKnownFileType = sourcecode.swift; path = DetailViewModel.swift; sourceTree = "<group>"; };
		8D920881249EBC2C00D9005E /* DetailAssembly.swift */ = {isa = PBXFileReference; lastKnownFileType = sourcecode.swift; path = DetailAssembly.swift; sourceTree = "<group>"; };
		8D92088C249EC3DE00D9005E /* HomeRouter.swift */ = {isa = PBXFileReference; lastKnownFileType = sourcecode.swift; path = HomeRouter.swift; sourceTree = "<group>"; };
		8DA3CF452496502A008AEA26 /* GameDBHelper.swift */ = {isa = PBXFileReference; lastKnownFileType = sourcecode.swift; path = GameDBHelper.swift; sourceTree = "<group>"; };
		8DA3CF48249654D0008AEA26 /* PaddingLabel.swift */ = {isa = PBXFileReference; lastKnownFileType = sourcecode.swift; path = PaddingLabel.swift; sourceTree = "<group>"; };
		8DA3CF4A24965A18008AEA26 /* GameDBExtension.swift */ = {isa = PBXFileReference; lastKnownFileType = sourcecode.swift; path = GameDBExtension.swift; sourceTree = "<group>"; };
		8DDE24B52486ABA500F77AAF /* GameDB.app */ = {isa = PBXFileReference; explicitFileType = wrapper.application; includeInIndex = 0; path = GameDB.app; sourceTree = BUILT_PRODUCTS_DIR; };
		8DDE24B82486ABA500F77AAF /* AppDelegate.swift */ = {isa = PBXFileReference; lastKnownFileType = sourcecode.swift; path = AppDelegate.swift; sourceTree = "<group>"; };
		8DDE24BA2486ABA500F77AAF /* SceneDelegate.swift */ = {isa = PBXFileReference; lastKnownFileType = sourcecode.swift; path = SceneDelegate.swift; sourceTree = "<group>"; };
		8DDE24BC2486ABA500F77AAF /* HomeController.swift */ = {isa = PBXFileReference; lastKnownFileType = sourcecode.swift; path = HomeController.swift; sourceTree = "<group>"; };
		8DDE24C12486ABA600F77AAF /* Assets.xcassets */ = {isa = PBXFileReference; lastKnownFileType = folder.assetcatalog; path = Assets.xcassets; sourceTree = "<group>"; };
		8DDE24C42486ABA600F77AAF /* Base */ = {isa = PBXFileReference; lastKnownFileType = file.storyboard; name = Base; path = Base.lproj/LaunchScreen.storyboard; sourceTree = "<group>"; };
		8DDE24C62486ABA600F77AAF /* Info.plist */ = {isa = PBXFileReference; lastKnownFileType = text.plist.xml; path = Info.plist; sourceTree = "<group>"; };
		8DDE24CB2486ABA600F77AAF /* GameDBTests.xctest */ = {isa = PBXFileReference; explicitFileType = wrapper.cfbundle; includeInIndex = 0; path = GameDBTests.xctest; sourceTree = BUILT_PRODUCTS_DIR; };
		8DDE24CF2486ABA600F77AAF /* GameDBTests.swift */ = {isa = PBXFileReference; lastKnownFileType = sourcecode.swift; path = GameDBTests.swift; sourceTree = "<group>"; };
		8DDE24D12486ABA600F77AAF /* Info.plist */ = {isa = PBXFileReference; lastKnownFileType = text.plist.xml; path = Info.plist; sourceTree = "<group>"; };
		8DDE24D62486ABA600F77AAF /* GameDBUITests.xctest */ = {isa = PBXFileReference; explicitFileType = wrapper.cfbundle; includeInIndex = 0; path = GameDBUITests.xctest; sourceTree = BUILT_PRODUCTS_DIR; };
		8DDE24DA2486ABA600F77AAF /* GameDBUITests.swift */ = {isa = PBXFileReference; lastKnownFileType = sourcecode.swift; path = GameDBUITests.swift; sourceTree = "<group>"; };
		8DDE24DC2486ABA600F77AAF /* Info.plist */ = {isa = PBXFileReference; lastKnownFileType = text.plist.xml; path = Info.plist; sourceTree = "<group>"; };
		8DE54F4C249EA22A008EF31A /* DetailViewController.swift */ = {isa = PBXFileReference; lastKnownFileType = sourcecode.swift; path = DetailViewController.swift; sourceTree = "<group>"; };
		98EA1CF43190F01946EFA37A /* Pods-GameDB-GameDBUITests.release.xcconfig */ = {isa = PBXFileReference; includeInIndex = 1; lastKnownFileType = text.xcconfig; name = "Pods-GameDB-GameDBUITests.release.xcconfig"; path = "Target Support Files/Pods-GameDB-GameDBUITests/Pods-GameDB-GameDBUITests.release.xcconfig"; sourceTree = "<group>"; };
		9C607870A181ECBC1F8C5B49 /* Pods-GameDB-GameDBUITests.debug.xcconfig */ = {isa = PBXFileReference; includeInIndex = 1; lastKnownFileType = text.xcconfig; name = "Pods-GameDB-GameDBUITests.debug.xcconfig"; path = "Target Support Files/Pods-GameDB-GameDBUITests/Pods-GameDB-GameDBUITests.debug.xcconfig"; sourceTree = "<group>"; };
		BCDA141C833F42ADB1B4CFC9 /* Pods-GameDB.release.xcconfig */ = {isa = PBXFileReference; includeInIndex = 1; lastKnownFileType = text.xcconfig; name = "Pods-GameDB.release.xcconfig"; path = "Target Support Files/Pods-GameDB/Pods-GameDB.release.xcconfig"; sourceTree = "<group>"; };
		CC90909B0502FB8C177C537E /* Pods_GameDB_GameDBUITests.framework */ = {isa = PBXFileReference; explicitFileType = wrapper.framework; includeInIndex = 0; path = Pods_GameDB_GameDBUITests.framework; sourceTree = BUILT_PRODUCTS_DIR; };
/* End PBXFileReference section */

/* Begin PBXFrameworksBuildPhase section */
		8DDE24B22486ABA500F77AAF /* Frameworks */ = {
			isa = PBXFrameworksBuildPhase;
			buildActionMask = 2147483647;
			files = (
				DE9E4D11E92D8BCF49013472 /* Pods_GameDB.framework in Frameworks */,
			);
			runOnlyForDeploymentPostprocessing = 0;
		};
		8DDE24C82486ABA600F77AAF /* Frameworks */ = {
			isa = PBXFrameworksBuildPhase;
			buildActionMask = 2147483647;
			files = (
				DCE1EC7B1FEE4122B239B601 /* Pods_GameDBTests.framework in Frameworks */,
			);
			runOnlyForDeploymentPostprocessing = 0;
		};
		8DDE24D32486ABA600F77AAF /* Frameworks */ = {
			isa = PBXFrameworksBuildPhase;
			buildActionMask = 2147483647;
			files = (
				AE17E58ECFEC47BAA5152BC6 /* Pods_GameDB_GameDBUITests.framework in Frameworks */,
			);
			runOnlyForDeploymentPostprocessing = 0;
		};
/* End PBXFrameworksBuildPhase section */

/* Begin PBXGroup section */
		03596DA9C2D981D1EF139791 /* Frameworks */ = {
			isa = PBXGroup;
			children = (
				6021E92FC21688D2B7FC76A1 /* Pods_GameDB.framework */,
				CC90909B0502FB8C177C537E /* Pods_GameDB_GameDBUITests.framework */,
				3779250BB6A66DB3A806A30C /* Pods_GameDBTests.framework */,
			);
			name = Frameworks;
			sourceTree = "<group>";
		};
		8D0BAC46249F80D400759AE9 /* Header */ = {
			isa = PBXGroup;
			children = (
				8D0BAC47249F80E600759AE9 /* DetailHeader.swift */,
			);
			path = Header;
			sourceTree = "<group>";
		};
		8D243EEF248C87C2007856F4 /* DI */ = {
			isa = PBXGroup;
			children = (
				8D243EF3248C8A0C007856F4 /* DI.swift */,
			);
			path = DI;
			sourceTree = "<group>";
		};
		8D243EF0248C87C8007856F4 /* DI */ = {
			isa = PBXGroup;
			children = (
				8D243EF1248C87E4007856F4 /* HomeAssembly.swift */,
			);
			path = DI;
			sourceTree = "<group>";
		};
		8D243EF8248C9C40007856F4 /* UI */ = {
			isa = PBXGroup;
			children = (
				8DDE24BC2486ABA500F77AAF /* HomeController.swift */,
			);
			path = UI;
			sourceTree = "<group>";
		};
		8D243EF9248C9C46007856F4 /* GameViewCell */ = {
			isa = PBXGroup;
			children = (
				8D243EFA248C9C60007856F4 /* GameViewCell.swift */,
			);
			path = GameViewCell;
			sourceTree = "<group>";
		};
		8D243EFC248CA4C5007856F4 /* Extension */ = {
			isa = PBXGroup;
			children = (
				8DA3CF4A24965A18008AEA26 /* GameDBExtension.swift */,
			);
			path = Extension;
			sourceTree = "<group>";
		};
		8D7EBB1F248C4AA9006D0C9C /* Home */ = {
			isa = PBXGroup;
			children = (
				8D243EF0248C87C8007856F4 /* DI */,
				8D92088B249EC3D000D9005E /* Router */,
				8D920885249EBEBB00D9005E /* Presentation */,
			);
			path = Home;
			sourceTree = "<group>";
		};
		8D7EBB20248C4AC3006D0C9C /* View */ = {
			isa = PBXGroup;
			children = (
				8D243EF9248C9C46007856F4 /* GameViewCell */,
				8D243EF8248C9C40007856F4 /* UI */,
			);
			path = View;
			sourceTree = "<group>";
		};
		8D7EBB21248C4ACB006D0C9C /* ViewModel */ = {
			isa = PBXGroup;
			children = (
				8D7EBB22248C4AD8006D0C9C /* HomeViewModel.swift */,
			);
			path = ViewModel;
			sourceTree = "<group>";
		};
		8D920885249EBEBB00D9005E /* Presentation */ = {
			isa = PBXGroup;
			children = (
				8D7EBB21248C4ACB006D0C9C /* ViewModel */,
				8D7EBB20248C4AC3006D0C9C /* View */,
			);
			path = Presentation;
			sourceTree = "<group>";
		};
		8D920886249EC06E00D9005E /* Feature */ = {
			isa = PBXGroup;
			children = (
				8D7EBB1F248C4AA9006D0C9C /* Home */,
				8DD2275A249E97B000B06327 /* Detail */,
			);
			path = Feature;
			sourceTree = "<group>";
		};
		8D92088A249EC39B00D9005E /* Presentation */ = {
			isa = PBXGroup;
			children = (
				8DD22764249E9DC600B06327 /* ViewModel */,
				8DD22766249E9DCF00B06327 /* View */,
			);
			path = Presentation;
			sourceTree = "<group>";
		};
		8D92088B249EC3D000D9005E /* Router */ = {
			isa = PBXGroup;
			children = (
				8D92088C249EC3DE00D9005E /* HomeRouter.swift */,
			);
			path = Router;
			sourceTree = "<group>";
		};
		8DA3CF442496501A008AEA26 /* Helper */ = {
			isa = PBXGroup;
			children = (
				8DA3CF47249654AF008AEA26 /* View */,
				8DA3CF452496502A008AEA26 /* GameDBHelper.swift */,
			);
			path = Helper;
			sourceTree = "<group>";
		};
		8DA3CF47249654AF008AEA26 /* View */ = {
			isa = PBXGroup;
			children = (
				8DA3CF48249654D0008AEA26 /* PaddingLabel.swift */,
			);
			path = View;
			sourceTree = "<group>";
		};
		8DBBC8AC249EC62100A6DE1D /* Router */ = {
			isa = PBXGroup;
			children = (
			);
			path = Router;
			sourceTree = "<group>";
		};
		8DBBC8AD249F6B5C00A6DE1D /* UI */ = {
			isa = PBXGroup;
			children = (
				8DE54F4C249EA22A008EF31A /* DetailViewController.swift */,
			);
			path = UI;
			sourceTree = "<group>";
		};
		8DD2275A249E97B000B06327 /* Detail */ = {
			isa = PBXGroup;
			children = (
				8DD22760249E9D0100B06327 /* DI */,
				8DBBC8AC249EC62100A6DE1D /* Router */,
				8D92088A249EC39B00D9005E /* Presentation */,
				8D0BAC49249FB89200759AE9 /* Storyboard.storyboard */,
			);
			path = Detail;
			sourceTree = "<group>";
		};
		8DD2275B249E9C3F00B06327 /* External */ = {
			isa = PBXGroup;
			children = (
				8D243EFC248CA4C5007856F4 /* Extension */,
				8DA3CF442496501A008AEA26 /* Helper */,
			);
			path = External;
			sourceTree = "<group>";
		};
		8DD22760249E9D0100B06327 /* DI */ = {
			isa = PBXGroup;
			children = (
				8D920881249EBC2C00D9005E /* DetailAssembly.swift */,
			);
			path = DI;
			sourceTree = "<group>";
		};
		8DD22764249E9DC600B06327 /* ViewModel */ = {
			isa = PBXGroup;
			children = (
				8D92087F249EBBEA00D9005E /* DetailViewModel.swift */,
			);
			path = ViewModel;
			sourceTree = "<group>";
		};
		8DD22766249E9DCF00B06327 /* View */ = {
			isa = PBXGroup;
			children = (
				8D0BAC46249F80D400759AE9 /* Header */,
				8DBBC8AD249F6B5C00A6DE1D /* UI */,
			);
			path = View;
			sourceTree = "<group>";
		};
		8DDE24AC2486ABA500F77AAF = {
			isa = PBXGroup;
			children = (
				8DDE24B72486ABA500F77AAF /* GameDB */,
				8DDE24CE2486ABA600F77AAF /* GameDBTests */,
				8DDE24D92486ABA600F77AAF /* GameDBUITests */,
				8DDE24B62486ABA500F77AAF /* Products */,
				AB9ED99C54BEA305F21412A1 /* Pods */,
				03596DA9C2D981D1EF139791 /* Frameworks */,
			);
			sourceTree = "<group>";
		};
		8DDE24B62486ABA500F77AAF /* Products */ = {
			isa = PBXGroup;
			children = (
				8DDE24B52486ABA500F77AAF /* GameDB.app */,
				8DDE24CB2486ABA600F77AAF /* GameDBTests.xctest */,
				8DDE24D62486ABA600F77AAF /* GameDBUITests.xctest */,
			);
			name = Products;
			sourceTree = "<group>";
		};
		8DDE24B72486ABA500F77AAF /* GameDB */ = {
			isa = PBXGroup;
			children = (
				8DD2275B249E9C3F00B06327 /* External */,
				8D243EEF248C87C2007856F4 /* DI */,
				8D920886249EC06E00D9005E /* Feature */,
				8DDE24B82486ABA500F77AAF /* AppDelegate.swift */,
				8DDE24BA2486ABA500F77AAF /* SceneDelegate.swift */,
				8DDE24C12486ABA600F77AAF /* Assets.xcassets */,
				8DDE24C32486ABA600F77AAF /* LaunchScreen.storyboard */,
				8DDE24C62486ABA600F77AAF /* Info.plist */,
			);
			path = GameDB;
			sourceTree = "<group>";
		};
		8DDE24CE2486ABA600F77AAF /* GameDBTests */ = {
			isa = PBXGroup;
			children = (
				8DDE24CF2486ABA600F77AAF /* GameDBTests.swift */,
				8DDE24D12486ABA600F77AAF /* Info.plist */,
			);
			path = GameDBTests;
			sourceTree = "<group>";
		};
		8DDE24D92486ABA600F77AAF /* GameDBUITests */ = {
			isa = PBXGroup;
			children = (
				8DDE24DA2486ABA600F77AAF /* GameDBUITests.swift */,
				8DDE24DC2486ABA600F77AAF /* Info.plist */,
			);
			path = GameDBUITests;
			sourceTree = "<group>";
		};
		AB9ED99C54BEA305F21412A1 /* Pods */ = {
			isa = PBXGroup;
			children = (
				5A982AD928FCFAD239F885FB /* Pods-GameDB.debug.xcconfig */,
				BCDA141C833F42ADB1B4CFC9 /* Pods-GameDB.release.xcconfig */,
				9C607870A181ECBC1F8C5B49 /* Pods-GameDB-GameDBUITests.debug.xcconfig */,
				98EA1CF43190F01946EFA37A /* Pods-GameDB-GameDBUITests.release.xcconfig */,
				297A9AF118EC351ACD1FE84C /* Pods-GameDBTests.debug.xcconfig */,
				81C0C678BE31A98F71C236C6 /* Pods-GameDBTests.release.xcconfig */,
			);
			path = Pods;
			sourceTree = "<group>";
		};
/* End PBXGroup section */

/* Begin PBXNativeTarget section */
		8DDE24B42486ABA500F77AAF /* GameDB */ = {
			isa = PBXNativeTarget;
			buildConfigurationList = 8DDE24DF2486ABA600F77AAF /* Build configuration list for PBXNativeTarget "GameDB" */;
			buildPhases = (
				E03AE95B1E8780BBCB8C65D0 /* [CP] Check Pods Manifest.lock */,
				8DDE24B12486ABA500F77AAF /* Sources */,
				8DDE24B22486ABA500F77AAF /* Frameworks */,
				8DDE24B32486ABA500F77AAF /* Resources */,
				1368BBD7C78ADB62954AF599 /* [CP] Embed Pods Frameworks */,
			);
			buildRules = (
			);
			dependencies = (
			);
			name = GameDB;
			productName = GameDB;
			productReference = 8DDE24B52486ABA500F77AAF /* GameDB.app */;
			productType = "com.apple.product-type.application";
		};
		8DDE24CA2486ABA600F77AAF /* GameDBTests */ = {
			isa = PBXNativeTarget;
			buildConfigurationList = 8DDE24E22486ABA600F77AAF /* Build configuration list for PBXNativeTarget "GameDBTests" */;
			buildPhases = (
				C70F49FBE42FE42F815D6A2C /* [CP] Check Pods Manifest.lock */,
				8DDE24C72486ABA600F77AAF /* Sources */,
				8DDE24C82486ABA600F77AAF /* Frameworks */,
				8DDE24C92486ABA600F77AAF /* Resources */,
			);
			buildRules = (
			);
			dependencies = (
				8DDE24CD2486ABA600F77AAF /* PBXTargetDependency */,
			);
			name = GameDBTests;
			productName = GameDBTests;
			productReference = 8DDE24CB2486ABA600F77AAF /* GameDBTests.xctest */;
			productType = "com.apple.product-type.bundle.unit-test";
		};
		8DDE24D52486ABA600F77AAF /* GameDBUITests */ = {
			isa = PBXNativeTarget;
			buildConfigurationList = 8DDE24E52486ABA600F77AAF /* Build configuration list for PBXNativeTarget "GameDBUITests" */;
			buildPhases = (
				AB58056043747F8C1EE1BB7C /* [CP] Check Pods Manifest.lock */,
				8DDE24D22486ABA600F77AAF /* Sources */,
				8DDE24D32486ABA600F77AAF /* Frameworks */,
				8DDE24D42486ABA600F77AAF /* Resources */,
				A1D77CD93336B94E98C58B7A /* [CP] Embed Pods Frameworks */,
			);
			buildRules = (
			);
			dependencies = (
				8DDE24D82486ABA600F77AAF /* PBXTargetDependency */,
			);
			name = GameDBUITests;
			productName = GameDBUITests;
			productReference = 8DDE24D62486ABA600F77AAF /* GameDBUITests.xctest */;
			productType = "com.apple.product-type.bundle.ui-testing";
		};
/* End PBXNativeTarget section */

/* Begin PBXProject section */
		8DDE24AD2486ABA500F77AAF /* Project object */ = {
			isa = PBXProject;
			attributes = {
				LastSwiftUpdateCheck = 1130;
				LastUpgradeCheck = 1130;
				ORGANIZATIONNAME = dwirandyh;
				TargetAttributes = {
					8DDE24B42486ABA500F77AAF = {
						CreatedOnToolsVersion = 11.3.1;
					};
					8DDE24CA2486ABA600F77AAF = {
						CreatedOnToolsVersion = 11.3.1;
						TestTargetID = 8DDE24B42486ABA500F77AAF;
					};
					8DDE24D52486ABA600F77AAF = {
						CreatedOnToolsVersion = 11.3.1;
						TestTargetID = 8DDE24B42486ABA500F77AAF;
					};
				};
			};
			buildConfigurationList = 8DDE24B02486ABA500F77AAF /* Build configuration list for PBXProject "GameDB" */;
			compatibilityVersion = "Xcode 9.3";
			developmentRegion = en;
			hasScannedForEncodings = 0;
			knownRegions = (
				en,
				Base,
			);
			mainGroup = 8DDE24AC2486ABA500F77AAF;
			productRefGroup = 8DDE24B62486ABA500F77AAF /* Products */;
			projectDirPath = "";
			projectRoot = "";
			targets = (
				8DDE24B42486ABA500F77AAF /* GameDB */,
				8DDE24CA2486ABA600F77AAF /* GameDBTests */,
				8DDE24D52486ABA600F77AAF /* GameDBUITests */,
			);
		};
/* End PBXProject section */

/* Begin PBXResourcesBuildPhase section */
		8DDE24B32486ABA500F77AAF /* Resources */ = {
			isa = PBXResourcesBuildPhase;
			buildActionMask = 2147483647;
			files = (
				8DDE24C52486ABA600F77AAF /* LaunchScreen.storyboard in Resources */,
				8DDE24C22486ABA600F77AAF /* Assets.xcassets in Resources */,
				8D0BAC4A249FB89200759AE9 /* Storyboard.storyboard in Resources */,
			);
			runOnlyForDeploymentPostprocessing = 0;
		};
		8DDE24C92486ABA600F77AAF /* Resources */ = {
			isa = PBXResourcesBuildPhase;
			buildActionMask = 2147483647;
			files = (
			);
			runOnlyForDeploymentPostprocessing = 0;
		};
		8DDE24D42486ABA600F77AAF /* Resources */ = {
			isa = PBXResourcesBuildPhase;
			buildActionMask = 2147483647;
			files = (
			);
			runOnlyForDeploymentPostprocessing = 0;
		};
/* End PBXResourcesBuildPhase section */

/* Begin PBXShellScriptBuildPhase section */
		1368BBD7C78ADB62954AF599 /* [CP] Embed Pods Frameworks */ = {
			isa = PBXShellScriptBuildPhase;
			buildActionMask = 2147483647;
			files = (
			);
			inputFileListPaths = (
				"${PODS_ROOT}/Target Support Files/Pods-GameDB/Pods-GameDB-frameworks-${CONFIGURATION}-input-files.xcfilelist",
			);
			name = "[CP] Embed Pods Frameworks";
			outputFileListPaths = (
				"${PODS_ROOT}/Target Support Files/Pods-GameDB/Pods-GameDB-frameworks-${CONFIGURATION}-output-files.xcfilelist",
			);
			runOnlyForDeploymentPostprocessing = 0;
			shellPath = /bin/sh;
			shellScript = "\"${PODS_ROOT}/Target Support Files/Pods-GameDB/Pods-GameDB-frameworks.sh\"\n";
			showEnvVarsInLog = 0;
		};
		A1D77CD93336B94E98C58B7A /* [CP] Embed Pods Frameworks */ = {
			isa = PBXShellScriptBuildPhase;
			buildActionMask = 2147483647;
			files = (
			);
			inputFileListPaths = (
				"${PODS_ROOT}/Target Support Files/Pods-GameDB-GameDBUITests/Pods-GameDB-GameDBUITests-frameworks-${CONFIGURATION}-input-files.xcfilelist",
			);
			name = "[CP] Embed Pods Frameworks";
			outputFileListPaths = (
				"${PODS_ROOT}/Target Support Files/Pods-GameDB-GameDBUITests/Pods-GameDB-GameDBUITests-frameworks-${CONFIGURATION}-output-files.xcfilelist",
			);
			runOnlyForDeploymentPostprocessing = 0;
			shellPath = /bin/sh;
			shellScript = "\"${PODS_ROOT}/Target Support Files/Pods-GameDB-GameDBUITests/Pods-GameDB-GameDBUITests-frameworks.sh\"\n";
			showEnvVarsInLog = 0;
		};
		AB58056043747F8C1EE1BB7C /* [CP] Check Pods Manifest.lock */ = {
			isa = PBXShellScriptBuildPhase;
			buildActionMask = 2147483647;
			files = (
			);
			inputFileListPaths = (
			);
			inputPaths = (
				"${PODS_PODFILE_DIR_PATH}/Podfile.lock",
				"${PODS_ROOT}/Manifest.lock",
			);
			name = "[CP] Check Pods Manifest.lock";
			outputFileListPaths = (
			);
			outputPaths = (
				"$(DERIVED_FILE_DIR)/Pods-GameDB-GameDBUITests-checkManifestLockResult.txt",
			);
			runOnlyForDeploymentPostprocessing = 0;
			shellPath = /bin/sh;
			shellScript = "diff \"${PODS_PODFILE_DIR_PATH}/Podfile.lock\" \"${PODS_ROOT}/Manifest.lock\" > /dev/null\nif [ $? != 0 ] ; then\n    # print error to STDERR\n    echo \"error: The sandbox is not in sync with the Podfile.lock. Run 'pod install' or update your CocoaPods installation.\" >&2\n    exit 1\nfi\n# This output is used by Xcode 'outputs' to avoid re-running this script phase.\necho \"SUCCESS\" > \"${SCRIPT_OUTPUT_FILE_0}\"\n";
			showEnvVarsInLog = 0;
		};
		C70F49FBE42FE42F815D6A2C /* [CP] Check Pods Manifest.lock */ = {
			isa = PBXShellScriptBuildPhase;
			buildActionMask = 2147483647;
			files = (
			);
			inputFileListPaths = (
			);
			inputPaths = (
				"${PODS_PODFILE_DIR_PATH}/Podfile.lock",
				"${PODS_ROOT}/Manifest.lock",
			);
			name = "[CP] Check Pods Manifest.lock";
			outputFileListPaths = (
			);
			outputPaths = (
				"$(DERIVED_FILE_DIR)/Pods-GameDBTests-checkManifestLockResult.txt",
			);
			runOnlyForDeploymentPostprocessing = 0;
			shellPath = /bin/sh;
			shellScript = "diff \"${PODS_PODFILE_DIR_PATH}/Podfile.lock\" \"${PODS_ROOT}/Manifest.lock\" > /dev/null\nif [ $? != 0 ] ; then\n    # print error to STDERR\n    echo \"error: The sandbox is not in sync with the Podfile.lock. Run 'pod install' or update your CocoaPods installation.\" >&2\n    exit 1\nfi\n# This output is used by Xcode 'outputs' to avoid re-running this script phase.\necho \"SUCCESS\" > \"${SCRIPT_OUTPUT_FILE_0}\"\n";
			showEnvVarsInLog = 0;
		};
		E03AE95B1E8780BBCB8C65D0 /* [CP] Check Pods Manifest.lock */ = {
			isa = PBXShellScriptBuildPhase;
			buildActionMask = 2147483647;
			files = (
			);
			inputFileListPaths = (
			);
			inputPaths = (
				"${PODS_PODFILE_DIR_PATH}/Podfile.lock",
				"${PODS_ROOT}/Manifest.lock",
			);
			name = "[CP] Check Pods Manifest.lock";
			outputFileListPaths = (
			);
			outputPaths = (
				"$(DERIVED_FILE_DIR)/Pods-GameDB-checkManifestLockResult.txt",
			);
			runOnlyForDeploymentPostprocessing = 0;
			shellPath = /bin/sh;
			shellScript = "diff \"${PODS_PODFILE_DIR_PATH}/Podfile.lock\" \"${PODS_ROOT}/Manifest.lock\" > /dev/null\nif [ $? != 0 ] ; then\n    # print error to STDERR\n    echo \"error: The sandbox is not in sync with the Podfile.lock. Run 'pod install' or update your CocoaPods installation.\" >&2\n    exit 1\nfi\n# This output is used by Xcode 'outputs' to avoid re-running this script phase.\necho \"SUCCESS\" > \"${SCRIPT_OUTPUT_FILE_0}\"\n";
			showEnvVarsInLog = 0;
		};
/* End PBXShellScriptBuildPhase section */

/* Begin PBXSourcesBuildPhase section */
		8DDE24B12486ABA500F77AAF /* Sources */ = {
			isa = PBXSourcesBuildPhase;
			buildActionMask = 2147483647;
			files = (
				8DE54F4D249EA22A008EF31A /* DetailViewController.swift in Sources */,
				8DDE24BD2486ABA500F77AAF /* HomeController.swift in Sources */,
				8DA3CF4B24965A18008AEA26 /* GameDBExtension.swift in Sources */,
				8D920882249EBC2C00D9005E /* DetailAssembly.swift in Sources */,
				8DDE24B92486ABA500F77AAF /* AppDelegate.swift in Sources */,
				8D243EF4248C8A0C007856F4 /* DI.swift in Sources */,
				8D243EFB248C9C60007856F4 /* GameViewCell.swift in Sources */,
				8D243EF2248C87E4007856F4 /* HomeAssembly.swift in Sources */,
				8D920880249EBBEA00D9005E /* DetailViewModel.swift in Sources */,
				8D92088D249EC3DE00D9005E /* HomeRouter.swift in Sources */,
				8DA3CF462496502A008AEA26 /* GameDBHelper.swift in Sources */,
				8DA3CF49249654D0008AEA26 /* PaddingLabel.swift in Sources */,
				8DDE24BB2486ABA500F77AAF /* SceneDelegate.swift in Sources */,
				8D0BAC48249F80E600759AE9 /* DetailHeader.swift in Sources */,
				8D7EBB23248C4AD8006D0C9C /* HomeViewModel.swift in Sources */,
			);
			runOnlyForDeploymentPostprocessing = 0;
		};
		8DDE24C72486ABA600F77AAF /* Sources */ = {
			isa = PBXSourcesBuildPhase;
			buildActionMask = 2147483647;
			files = (
				8DDE24D02486ABA600F77AAF /* GameDBTests.swift in Sources */,
			);
			runOnlyForDeploymentPostprocessing = 0;
		};
		8DDE24D22486ABA600F77AAF /* Sources */ = {
			isa = PBXSourcesBuildPhase;
			buildActionMask = 2147483647;
			files = (
				8DDE24DB2486ABA600F77AAF /* GameDBUITests.swift in Sources */,
			);
			runOnlyForDeploymentPostprocessing = 0;
		};
/* End PBXSourcesBuildPhase section */

/* Begin PBXTargetDependency section */
		8DDE24CD2486ABA600F77AAF /* PBXTargetDependency */ = {
			isa = PBXTargetDependency;
			target = 8DDE24B42486ABA500F77AAF /* GameDB */;
			targetProxy = 8DDE24CC2486ABA600F77AAF /* PBXContainerItemProxy */;
		};
		8DDE24D82486ABA600F77AAF /* PBXTargetDependency */ = {
			isa = PBXTargetDependency;
			target = 8DDE24B42486ABA500F77AAF /* GameDB */;
			targetProxy = 8DDE24D72486ABA600F77AAF /* PBXContainerItemProxy */;
		};
/* End PBXTargetDependency section */

/* Begin PBXVariantGroup section */
		8DDE24C32486ABA600F77AAF /* LaunchScreen.storyboard */ = {
			isa = PBXVariantGroup;
			children = (
				8DDE24C42486ABA600F77AAF /* Base */,
			);
			name = LaunchScreen.storyboard;
			sourceTree = "<group>";
		};
/* End PBXVariantGroup section */

/* Begin XCBuildConfiguration section */
		8DDE24DD2486ABA600F77AAF /* Debug */ = {
			isa = XCBuildConfiguration;
			buildSettings = {
				ALWAYS_SEARCH_USER_PATHS = NO;
				CLANG_ANALYZER_NONNULL = YES;
				CLANG_ANALYZER_NUMBER_OBJECT_CONVERSION = YES_AGGRESSIVE;
				CLANG_CXX_LANGUAGE_STANDARD = "gnu++14";
				CLANG_CXX_LIBRARY = "libc++";
				CLANG_ENABLE_MODULES = YES;
				CLANG_ENABLE_OBJC_ARC = YES;
				CLANG_ENABLE_OBJC_WEAK = YES;
				CLANG_WARN_BLOCK_CAPTURE_AUTORELEASING = YES;
				CLANG_WARN_BOOL_CONVERSION = YES;
				CLANG_WARN_COMMA = YES;
				CLANG_WARN_CONSTANT_CONVERSION = YES;
				CLANG_WARN_DEPRECATED_OBJC_IMPLEMENTATIONS = YES;
				CLANG_WARN_DIRECT_OBJC_ISA_USAGE = YES_ERROR;
				CLANG_WARN_DOCUMENTATION_COMMENTS = YES;
				CLANG_WARN_EMPTY_BODY = YES;
				CLANG_WARN_ENUM_CONVERSION = YES;
				CLANG_WARN_INFINITE_RECURSION = YES;
				CLANG_WARN_INT_CONVERSION = YES;
				CLANG_WARN_NON_LITERAL_NULL_CONVERSION = YES;
				CLANG_WARN_OBJC_IMPLICIT_RETAIN_SELF = YES;
				CLANG_WARN_OBJC_LITERAL_CONVERSION = YES;
				CLANG_WARN_OBJC_ROOT_CLASS = YES_ERROR;
				CLANG_WARN_RANGE_LOOP_ANALYSIS = YES;
				CLANG_WARN_STRICT_PROTOTYPES = YES;
				CLANG_WARN_SUSPICIOUS_MOVE = YES;
				CLANG_WARN_UNGUARDED_AVAILABILITY = YES_AGGRESSIVE;
				CLANG_WARN_UNREACHABLE_CODE = YES;
				CLANG_WARN__DUPLICATE_METHOD_MATCH = YES;
				COPY_PHASE_STRIP = NO;
				DEBUG_INFORMATION_FORMAT = dwarf;
				ENABLE_STRICT_OBJC_MSGSEND = YES;
				ENABLE_TESTABILITY = YES;
				GCC_C_LANGUAGE_STANDARD = gnu11;
				GCC_DYNAMIC_NO_PIC = NO;
				GCC_NO_COMMON_BLOCKS = YES;
				GCC_OPTIMIZATION_LEVEL = 0;
				GCC_PREPROCESSOR_DEFINITIONS = (
					"DEBUG=1",
					"$(inherited)",
				);
				GCC_WARN_64_TO_32_BIT_CONVERSION = YES;
				GCC_WARN_ABOUT_RETURN_TYPE = YES_ERROR;
				GCC_WARN_UNDECLARED_SELECTOR = YES;
				GCC_WARN_UNINITIALIZED_AUTOS = YES_AGGRESSIVE;
				GCC_WARN_UNUSED_FUNCTION = YES;
				GCC_WARN_UNUSED_VARIABLE = YES;
				IPHONEOS_DEPLOYMENT_TARGET = 13.2;
				MTL_ENABLE_DEBUG_INFO = INCLUDE_SOURCE;
				MTL_FAST_MATH = YES;
				ONLY_ACTIVE_ARCH = YES;
				SDKROOT = iphoneos;
				SWIFT_ACTIVE_COMPILATION_CONDITIONS = DEBUG;
				SWIFT_OPTIMIZATION_LEVEL = "-Onone";
			};
			name = Debug;
		};
		8DDE24DE2486ABA600F77AAF /* Release */ = {
			isa = XCBuildConfiguration;
			buildSettings = {
				ALWAYS_SEARCH_USER_PATHS = NO;
				CLANG_ANALYZER_NONNULL = YES;
				CLANG_ANALYZER_NUMBER_OBJECT_CONVERSION = YES_AGGRESSIVE;
				CLANG_CXX_LANGUAGE_STANDARD = "gnu++14";
				CLANG_CXX_LIBRARY = "libc++";
				CLANG_ENABLE_MODULES = YES;
				CLANG_ENABLE_OBJC_ARC = YES;
				CLANG_ENABLE_OBJC_WEAK = YES;
				CLANG_WARN_BLOCK_CAPTURE_AUTORELEASING = YES;
				CLANG_WARN_BOOL_CONVERSION = YES;
				CLANG_WARN_COMMA = YES;
				CLANG_WARN_CONSTANT_CONVERSION = YES;
				CLANG_WARN_DEPRECATED_OBJC_IMPLEMENTATIONS = YES;
				CLANG_WARN_DIRECT_OBJC_ISA_USAGE = YES_ERROR;
				CLANG_WARN_DOCUMENTATION_COMMENTS = YES;
				CLANG_WARN_EMPTY_BODY = YES;
				CLANG_WARN_ENUM_CONVERSION = YES;
				CLANG_WARN_INFINITE_RECURSION = YES;
				CLANG_WARN_INT_CONVERSION = YES;
				CLANG_WARN_NON_LITERAL_NULL_CONVERSION = YES;
				CLANG_WARN_OBJC_IMPLICIT_RETAIN_SELF = YES;
				CLANG_WARN_OBJC_LITERAL_CONVERSION = YES;
				CLANG_WARN_OBJC_ROOT_CLASS = YES_ERROR;
				CLANG_WARN_RANGE_LOOP_ANALYSIS = YES;
				CLANG_WARN_STRICT_PROTOTYPES = YES;
				CLANG_WARN_SUSPICIOUS_MOVE = YES;
				CLANG_WARN_UNGUARDED_AVAILABILITY = YES_AGGRESSIVE;
				CLANG_WARN_UNREACHABLE_CODE = YES;
				CLANG_WARN__DUPLICATE_METHOD_MATCH = YES;
				COPY_PHASE_STRIP = NO;
				DEBUG_INFORMATION_FORMAT = "dwarf-with-dsym";
				ENABLE_NS_ASSERTIONS = NO;
				ENABLE_STRICT_OBJC_MSGSEND = YES;
				GCC_C_LANGUAGE_STANDARD = gnu11;
				GCC_NO_COMMON_BLOCKS = YES;
				GCC_WARN_64_TO_32_BIT_CONVERSION = YES;
				GCC_WARN_ABOUT_RETURN_TYPE = YES_ERROR;
				GCC_WARN_UNDECLARED_SELECTOR = YES;
				GCC_WARN_UNINITIALIZED_AUTOS = YES_AGGRESSIVE;
				GCC_WARN_UNUSED_FUNCTION = YES;
				GCC_WARN_UNUSED_VARIABLE = YES;
				IPHONEOS_DEPLOYMENT_TARGET = 13.2;
				MTL_ENABLE_DEBUG_INFO = NO;
				MTL_FAST_MATH = YES;
				SDKROOT = iphoneos;
				SWIFT_COMPILATION_MODE = wholemodule;
				SWIFT_OPTIMIZATION_LEVEL = "-O";
				VALIDATE_PRODUCT = YES;
			};
			name = Release;
		};
		8DDE24E02486ABA600F77AAF /* Debug */ = {
			isa = XCBuildConfiguration;
			baseConfigurationReference = 5A982AD928FCFAD239F885FB /* Pods-GameDB.debug.xcconfig */;
			buildSettings = {
				ASSETCATALOG_COMPILER_APPICON_NAME = AppIcon;
				CODE_SIGN_STYLE = Automatic;
				DEVELOPMENT_TEAM = 5B2L4KSFG2;
				INFOPLIST_FILE = GameDB/Info.plist;
				LD_RUNPATH_SEARCH_PATHS = (
					"$(inherited)",
					"@executable_path/Frameworks",
				);
				PRODUCT_BUNDLE_IDENTIFIER = dwirandh.com.GameDB;
				PRODUCT_NAME = "$(TARGET_NAME)";
				SWIFT_VERSION = 5.0;
				TARGETED_DEVICE_FAMILY = "1,2";
			};
			name = Debug;
		};
		8DDE24E12486ABA600F77AAF /* Release */ = {
			isa = XCBuildConfiguration;
			baseConfigurationReference = BCDA141C833F42ADB1B4CFC9 /* Pods-GameDB.release.xcconfig */;
			buildSettings = {
				ASSETCATALOG_COMPILER_APPICON_NAME = AppIcon;
				CODE_SIGN_STYLE = Automatic;
				DEVELOPMENT_TEAM = 5B2L4KSFG2;
				INFOPLIST_FILE = GameDB/Info.plist;
				LD_RUNPATH_SEARCH_PATHS = (
					"$(inherited)",
					"@executable_path/Frameworks",
				);
				PRODUCT_BUNDLE_IDENTIFIER = dwirandh.com.GameDB;
				PRODUCT_NAME = "$(TARGET_NAME)";
				SWIFT_VERSION = 5.0;
				TARGETED_DEVICE_FAMILY = "1,2";
			};
			name = Release;
		};
		8DDE24E32486ABA600F77AAF /* Debug */ = {
			isa = XCBuildConfiguration;
			baseConfigurationReference = 297A9AF118EC351ACD1FE84C /* Pods-GameDBTests.debug.xcconfig */;
			buildSettings = {
				ALWAYS_EMBED_SWIFT_STANDARD_LIBRARIES = YES;
				BUNDLE_LOADER = "$(TEST_HOST)";
				CODE_SIGN_STYLE = Automatic;
				DEVELOPMENT_TEAM = 5B2L4KSFG2;
				INFOPLIST_FILE = GameDBTests/Info.plist;
				IPHONEOS_DEPLOYMENT_TARGET = 13.2;
				LD_RUNPATH_SEARCH_PATHS = (
					"$(inherited)",
					"@executable_path/Frameworks",
					"@loader_path/Frameworks",
				);
				PRODUCT_BUNDLE_IDENTIFIER = dwirandh.com.GameDBTests;
				PRODUCT_NAME = "$(TARGET_NAME)";
				SWIFT_VERSION = 5.0;
				TARGETED_DEVICE_FAMILY = "1,2";
				TEST_HOST = "$(BUILT_PRODUCTS_DIR)/GameDB.app/GameDB";
			};
			name = Debug;
		};
		8DDE24E42486ABA600F77AAF /* Release */ = {
			isa = XCBuildConfiguration;
			baseConfigurationReference = 81C0C678BE31A98F71C236C6 /* Pods-GameDBTests.release.xcconfig */;
			buildSettings = {
				ALWAYS_EMBED_SWIFT_STANDARD_LIBRARIES = YES;
				BUNDLE_LOADER = "$(TEST_HOST)";
				CODE_SIGN_STYLE = Automatic;
				DEVELOPMENT_TEAM = 5B2L4KSFG2;
				INFOPLIST_FILE = GameDBTests/Info.plist;
				IPHONEOS_DEPLOYMENT_TARGET = 13.2;
				LD_RUNPATH_SEARCH_PATHS = (
					"$(inherited)",
					"@executable_path/Frameworks",
					"@loader_path/Frameworks",
				);
				PRODUCT_BUNDLE_IDENTIFIER = dwirandh.com.GameDBTests;
				PRODUCT_NAME = "$(TARGET_NAME)";
				SWIFT_VERSION = 5.0;
				TARGETED_DEVICE_FAMILY = "1,2";
				TEST_HOST = "$(BUILT_PRODUCTS_DIR)/GameDB.app/GameDB";
			};
			name = Release;
		};
		8DDE24E62486ABA600F77AAF /* Debug */ = {
			isa = XCBuildConfiguration;
			baseConfigurationReference = 9C607870A181ECBC1F8C5B49 /* Pods-GameDB-GameDBUITests.debug.xcconfig */;
			buildSettings = {
				ALWAYS_EMBED_SWIFT_STANDARD_LIBRARIES = YES;
				CODE_SIGN_STYLE = Automatic;
				DEVELOPMENT_TEAM = 5B2L4KSFG2;
				INFOPLIST_FILE = GameDBUITests/Info.plist;
				LD_RUNPATH_SEARCH_PATHS = (
					"$(inherited)",
					"@executable_path/Frameworks",
					"@loader_path/Frameworks",
				);
				PRODUCT_BUNDLE_IDENTIFIER = dwirandh.com.GameDBUITests;
				PRODUCT_NAME = "$(TARGET_NAME)";
				SWIFT_VERSION = 5.0;
				TARGETED_DEVICE_FAMILY = "1,2";
				TEST_TARGET_NAME = GameDB;
			};
			name = Debug;
		};
		8DDE24E72486ABA600F77AAF /* Release */ = {
			isa = XCBuildConfiguration;
			baseConfigurationReference = 98EA1CF43190F01946EFA37A /* Pods-GameDB-GameDBUITests.release.xcconfig */;
			buildSettings = {
				ALWAYS_EMBED_SWIFT_STANDARD_LIBRARIES = YES;
				CODE_SIGN_STYLE = Automatic;
				DEVELOPMENT_TEAM = 5B2L4KSFG2;
				INFOPLIST_FILE = GameDBUITests/Info.plist;
				LD_RUNPATH_SEARCH_PATHS = (
					"$(inherited)",
					"@executable_path/Frameworks",
					"@loader_path/Frameworks",
				);
				PRODUCT_BUNDLE_IDENTIFIER = dwirandh.com.GameDBUITests;
				PRODUCT_NAME = "$(TARGET_NAME)";
				SWIFT_VERSION = 5.0;
				TARGETED_DEVICE_FAMILY = "1,2";
				TEST_TARGET_NAME = GameDB;
			};
			name = Release;
		};
/* End XCBuildConfiguration section */

/* Begin XCConfigurationList section */
		8DDE24B02486ABA500F77AAF /* Build configuration list for PBXProject "GameDB" */ = {
			isa = XCConfigurationList;
			buildConfigurations = (
				8DDE24DD2486ABA600F77AAF /* Debug */,
				8DDE24DE2486ABA600F77AAF /* Release */,
			);
			defaultConfigurationIsVisible = 0;
			defaultConfigurationName = Release;
		};
		8DDE24DF2486ABA600F77AAF /* Build configuration list for PBXNativeTarget "GameDB" */ = {
			isa = XCConfigurationList;
			buildConfigurations = (
				8DDE24E02486ABA600F77AAF /* Debug */,
				8DDE24E12486ABA600F77AAF /* Release */,
			);
			defaultConfigurationIsVisible = 0;
			defaultConfigurationName = Release;
		};
		8DDE24E22486ABA600F77AAF /* Build configuration list for PBXNativeTarget "GameDBTests" */ = {
			isa = XCConfigurationList;
			buildConfigurations = (
				8DDE24E32486ABA600F77AAF /* Debug */,
				8DDE24E42486ABA600F77AAF /* Release */,
			);
			defaultConfigurationIsVisible = 0;
			defaultConfigurationName = Release;
		};
		8DDE24E52486ABA600F77AAF /* Build configuration list for PBXNativeTarget "GameDBUITests" */ = {
			isa = XCConfigurationList;
			buildConfigurations = (
				8DDE24E62486ABA600F77AAF /* Debug */,
				8DDE24E72486ABA600F77AAF /* Release */,
			);
			defaultConfigurationIsVisible = 0;
			defaultConfigurationName = Release;
		};
/* End XCConfigurationList section */
	};
	rootObject = 8DDE24AD2486ABA500F77AAF /* Project object */;
}
