PODS:
  - Alamofire (5.1.0)
  - Cosmos (22.1.0)
  - GameDBCore (1.0.0):
    - RxAlamofire
    - RxCocoa (~> 5)
    - RxSwift (~> 5)
    - Swinject
  - RxAlamofire (5.3.1):
    - RxAlamofire/Core (= 5.3.1)
  - RxAlamofire/Core (5.3.1):
    - Alamofire (~> 5.1)
    - RxSwift (~> 5.1)
  - RxCocoa (5.1.1):
    - RxRelay (~> 5)
    - RxSwift (~> 5)
  - RxRelay (5.1.1):
    - RxSwift (~> 5)
  - RxSwift (5.1.1)
  - SDWebImage (5.8.1):
    - SDWebImage/Core (= 5.8.1)
  - SDWebImage/Core (5.8.1)
  - Swinject (2.7.1)

DEPENDENCIES:
  - Cosmos
  - GameDBCore (from `../GameDBCore`)
  - SDWebImage

SPEC REPOS:
  trunk:
    - Alamofire
    - Cosmos
    - RxAlamofire
    - RxCocoa
    - RxRelay
    - RxSwift
    - SDWebImage
    - Swinject

EXTERNAL SOURCES:
  GameDBCore:
    :path: "../GameDBCore"

SPEC CHECKSUMS:
  Alamofire: 9d5c5f602928e512395b30950c5984eca840093c
  Cosmos: 2795b36ad4bbea1af3050d6d65576ed63875f86a
  GameDBCore: 2a03769d9e1458cecea54ddaed3ced47d8c3e553
  RxAlamofire: 15502b290253fab68688dafd60914c6390e9cc73
  RxCocoa: 32065309a38d29b5b0db858819b5bf9ef038b601
  RxRelay: d77f7d771495f43c556cbc43eebd1bb54d01e8e9
  RxSwift: 81470a2074fa8780320ea5fe4102807cb7118178
  SDWebImage: e3eae2eda88578db0685a0c88597fdadd9433f05
  Swinject: ddf78b8486dd9b71a667b852cad919ab4484478e

PODFILE CHECKSUM: eb69dd700b590c4baa8548d596e9a1ca1363dcb3

COCOAPODS: 1.9.1
